
Microsoft Visual Studio Solution File, Format Version 12.00
# Visual Studio 16
Project("{FAE04EC0-301F-11D3-BF4B-00C04F79EFBC}") = "Assembly-CSharp", "Assembly-CSharp.csproj", "{43CD9D0A-218D-4985-EA5F-5C475DF4C3AE}"
EndProject
Project("{FAE04EC0-301F-11D3-BF4B-00C04F79EFBC}") = "UnityEngine.TestRunner.Player", "UnityEngine.TestRunner.Player.csproj", "{64B4EAA5-8AA2-5850-8A28-43DF4A8FEFDB}"
EndProject
Project("{FAE04EC0-301F-11D3-BF4B-00C04F79EFBC}") = "Unity.TextMeshPro.Player", "Unity.TextMeshPro.Player.csproj", "{F1CA471D-22AC-18A9-132D-9C670FF66678}"
EndProject
Project("{FAE04EC0-301F-11D3-BF4B-00C04F79EFBC}") = "Unity.2D.Tilemap.Extras.Player", "Unity.2D.Tilemap.Extras.Player.csproj", "{B1049380-3D84-AF53-F3DD-2696CF94F8D1}"
EndProject
Project("{FAE04EC0-301F-11D3-BF4B-00C04F79EFBC}") = "Assembly-CSharp.Player", "Assembly-CSharp.Player.csproj", "{37CDCF3F-0389-B63F-5625-A1C74B87B5B7}"
EndProject
Global
	GlobalSection(SolutionConfigurationPlatforms) = preSolution
		Debug|Any CPU = Debug|Any CPU
		Release|Any CPU = Release|Any CPU
	EndGlobalSection
	GlobalSection(ProjectConfigurationPlatforms) = postSolution
		{43CD9D0A-218D-4985-EA5F-5C475DF4C3AE}.Debug|Any CPU.ActiveCfg = Debug|Any CPU
		{43CD9D0A-218D-4985-EA5F-5C475DF4C3AE}.Debug|Any CPU.Build.0 = Debug|Any CPU
		{43CD9D0A-218D-4985-EA5F-5C475DF4C3AE}.Release|Any CPU.ActiveCfg = Release|Any CPU
		{43CD9D0A-218D-4985-EA5F-5C475DF4C3AE}.Release|Any CPU.Build.0 = Release|Any CPU
		{64B4EAA5-8AA2-5850-8A28-43DF4A8FEFDB}.Debug|Any CPU.ActiveCfg = Debug|Any CPU
		{64B4EAA5-8AA2-5850-8A28-43DF4A8FEFDB}.Debug|Any CPU.Build.0 = Debug|Any CPU
		{64B4EAA5-8AA2-5850-8A28-43DF4A8FEFDB}.Release|Any CPU.ActiveCfg = Release|Any CPU
		{64B4EAA5-8AA2-5850-8A28-43DF4A8FEFDB}.Release|Any CPU.Build.0 = Release|Any CPU
		{F1CA471D-22AC-18A9-132D-9C670FF66678}.Debug|Any CPU.ActiveCfg = Debug|Any CPU
		{F1CA471D-22AC-18A9-132D-9C670FF66678}.Debug|Any CPU.Build.0 = Debug|Any CPU
		{F1CA471D-22AC-18A9-132D-9C670FF66678}.Release|Any CPU.ActiveCfg = Release|Any CPU
		{F1CA471D-22AC-18A9-132D-9C670FF66678}.Release|Any CPU.Build.0 = Release|Any CPU
		{B1049380-3D84-AF53-F3DD-2696CF94F8D1}.Debug|Any CPU.ActiveCfg = Debug|Any CPU
		{B1049380-3D84-AF53-F3DD-2696CF94F8D1}.Debug|Any CPU.Build.0 = Debug|Any CPU
		{B1049380-3D84-AF53-F3DD-2696CF94F8D1}.Release|Any CPU.ActiveCfg = Release|Any CPU
		{B1049380-3D84-AF53-F3DD-2696CF94F8D1}.Release|Any CPU.Build.0 = Release|Any CPU
		{37CDCF3F-0389-B63F-5625-A1C74B87B5B7}.Debug|Any CPU.ActiveCfg = Debug|Any CPU
		{37CDCF3F-0389-B63F-5625-A1C74B87B5B7}.Debug|Any CPU.Build.0 = Debug|Any CPU
		{37CDCF3F-0389-B63F-5625-A1C74B87B5B7}.Release|Any CPU.ActiveCfg = Release|Any CPU
		{37CDCF3F-0389-B63F-5625-A1C74B87B5B7}.Release|Any CPU.Build.0 = Release|Any CPU
	EndGlobalSection
	GlobalSection(SolutionProperties) = preSolution
		HideSolutionNode = FALSE
	EndGlobalSection
EndGlobal
